
Microsoft Visual Studio Solution File, Format Version 12.00
# Visual Studio Version 16
VisualStudioVersion = 16.0.30011.22
MinimumVisualStudioVersion = 10.0.40219.1
Project("{13B669BE-BB05-4DDF-9536-439F39A36129}") = "photolib", "photolib.msbuildproj", "{4C9A282C-4595-48D8-98AD-1BE045547A44}"
EndProject
Global
	GlobalSection(SolutionConfigurationPlatforms) = preSolution
		Debug|Any CPU = Debug|Any CPU
		Release|Any CPU = Release|Any CPU
	EndGlobalSection
	GlobalSection(ProjectConfigurationPlatforms) = postSolution
		{4C9A282C-4595-48D8-98AD-1BE045547A44}.Debug|Any CPU.ActiveCfg = Debug|Any CPU
		{4C9A282C-4595-48D8-98AD-1BE045547A44}.Debug|Any CPU.Build.0 = Debug|Any CPU
		{4C9A282C-4595-48D8-98AD-1BE045547A44}.Release|Any CPU.ActiveCfg = Release|Any CPU
		{4C9A282C-4595-48D8-98AD-1BE045547A44}.Release|Any CPU.Build.0 = Release|Any CPU
	EndGlobalSection
	GlobalSection(SolutionProperties) = preSolution
		HideSolutionNode = FALSE
	EndGlobalSection
	GlobalSection(ExtensibilityGlobals) = postSolution
		SolutionGuid = {73567732-EAB4-474E-AFD4-8DDDC3DAAF4B}
	EndGlobalSection
EndGlobal
